// !$*UTF8*$!
{
	archiveVersion = 1;
	classes = {
	};
	objectVersion = 55;
	objects = {

/* Begin PBXBuildFile section */
		918B8C8427D46F020095FA6F /* Zip in Frameworks */ = {isa = PBXBuildFile; productRef = 918B8C8327D46F020095FA6F /* Zip */; };
		918B8C8627D4731A0095FA6F /* 5LetterWords.zip in Resources */ = {isa = PBXBuildFile; fileRef = 918B8C8527D4731A0095FA6F /* 5LetterWords.zip */; };
		91B0D8B027CB234E00EEA352 /* dwordleApp.swift in Sources */ = {isa = PBXBuildFile; fileRef = 91B0D8AF27CB234E00EEA352 /* dwordleApp.swift */; };
		91B0D8B427CB235000EEA352 /* Assets.xcassets in Resources */ = {isa = PBXBuildFile; fileRef = 91B0D8B327CB235000EEA352 /* Assets.xcassets */; };
		91B0D8B727CB235000EEA352 /* Preview Assets.xcassets in Resources */ = {isa = PBXBuildFile; fileRef = 91B0D8B627CB235000EEA352 /* Preview Assets.xcassets */; };
		91B0D8BF27CB239800EEA352 /* ComposableArchitecture in Frameworks */ = {isa = PBXBuildFile; productRef = 91B0D8BE27CB239800EEA352 /* ComposableArchitecture */; };
		91B0D8C427CB24CE00EEA352 /* DwordleState.swift in Sources */ = {isa = PBXBuildFile; fileRef = 91B0D8C327CB24CE00EEA352 /* DwordleState.swift */; };
		91B0D8C727CB2E0300EEA352 /* DwordleView.swift in Sources */ = {isa = PBXBuildFile; fileRef = 91B0D8C627CB2E0300EEA352 /* DwordleView.swift */; };
		91B0D8C927CB2E5F00EEA352 /* DwordleReducer.swift in Sources */ = {isa = PBXBuildFile; fileRef = 91B0D8C827CB2E5F00EEA352 /* DwordleReducer.swift */; };
		91B0D8CB27CB2ED300EEA352 /* DwordleAction.swift in Sources */ = {isa = PBXBuildFile; fileRef = 91B0D8CA27CB2ED300EEA352 /* DwordleAction.swift */; };
		91B0D8CE27CB2F2700EEA352 /* DwordleEnvironment.swift in Sources */ = {isa = PBXBuildFile; fileRef = 91B0D8CD27CB2F2700EEA352 /* DwordleEnvironment.swift */; };
		91B0D8D227CDB98C00EEA352 /* DwordleCellView.swift in Sources */ = {isa = PBXBuildFile; fileRef = 91B0D8D127CDB98C00EEA352 /* DwordleCellView.swift */; };
		91B0D8D527CDBD9900EEA352 /* Color+Extension.swift in Sources */ = {isa = PBXBuildFile; fileRef = 91B0D8D427CDBD9900EEA352 /* Color+Extension.swift */; };
		91B0D8D727CDBF9500EEA352 /* DwordleGridView.swift in Sources */ = {isa = PBXBuildFile; fileRef = 91B0D8D627CDBF9500EEA352 /* DwordleGridView.swift */; };
		91B0D8D927CDC52F00EEA352 /* Shape+Extension.swift in Sources */ = {isa = PBXBuildFile; fileRef = 91B0D8D827CDC52F00EEA352 /* Shape+Extension.swift */; };
		91B0D8DB27CDD53300EEA352 /* Array+Extension.swift in Sources */ = {isa = PBXBuildFile; fileRef = 91B0D8DA27CDD53300EEA352 /* Array+Extension.swift */; };
		91B0D8DD27CDD57D00EEA352 /* CellEvaluation.swift in Sources */ = {isa = PBXBuildFile; fileRef = 91B0D8DC27CDD57D00EEA352 /* CellEvaluation.swift */; };
		91B0D8DF27CDD59F00EEA352 /* DwordleCell.swift in Sources */ = {isa = PBXBuildFile; fileRef = 91B0D8DE27CDD59F00EEA352 /* DwordleCell.swift */; };
		91B0D8E127D054EC00EEA352 /* View+Extension.swift in Sources */ = {isa = PBXBuildFile; fileRef = 91B0D8E027D054EC00EEA352 /* View+Extension.swift */; };
		91B0D8E327D0553200EEA352 /* DwordleKeyboardView.swift in Sources */ = {isa = PBXBuildFile; fileRef = 91B0D8E227D0553200EEA352 /* DwordleKeyboardView.swift */; };
		91B0D8E627D0654800EEA352 /* WordProvider.swift in Sources */ = {isa = PBXBuildFile; fileRef = 91B0D8E527D0654800EEA352 /* WordProvider.swift */; };
/* End PBXBuildFile section */

/* Begin PBXFileReference section */
		918B8C8527D4731A0095FA6F /* 5LetterWords.zip */ = {isa = PBXFileReference; lastKnownFileType = archive.zip; path = 5LetterWords.zip; sourceTree = "<group>"; };
		91B0D8AC27CB234E00EEA352 /* dwordle.app */ = {isa = PBXFileReference; explicitFileType = wrapper.application; includeInIndex = 0; path = dwordle.app; sourceTree = BUILT_PRODUCTS_DIR; };
		91B0D8AF27CB234E00EEA352 /* dwordleApp.swift */ = {isa = PBXFileReference; lastKnownFileType = sourcecode.swift; path = dwordleApp.swift; sourceTree = "<group>"; };
		91B0D8B327CB235000EEA352 /* Assets.xcassets */ = {isa = PBXFileReference; lastKnownFileType = folder.assetcatalog; path = Assets.xcassets; sourceTree = "<group>"; };
		91B0D8B627CB235000EEA352 /* Preview Assets.xcassets */ = {isa = PBXFileReference; lastKnownFileType = folder.assetcatalog; path = "Preview Assets.xcassets"; sourceTree = "<group>"; };
		91B0D8C327CB24CE00EEA352 /* DwordleState.swift */ = {isa = PBXFileReference; lastKnownFileType = sourcecode.swift; path = DwordleState.swift; sourceTree = "<group>"; };
		91B0D8C627CB2E0300EEA352 /* DwordleView.swift */ = {isa = PBXFileReference; lastKnownFileType = sourcecode.swift; path = DwordleView.swift; sourceTree = "<group>"; };
		91B0D8C827CB2E5F00EEA352 /* DwordleReducer.swift */ = {isa = PBXFileReference; lastKnownFileType = sourcecode.swift; path = DwordleReducer.swift; sourceTree = "<group>"; };
		91B0D8CA27CB2ED300EEA352 /* DwordleAction.swift */ = {isa = PBXFileReference; lastKnownFileType = sourcecode.swift; path = DwordleAction.swift; sourceTree = "<group>"; };
		91B0D8CD27CB2F2700EEA352 /* DwordleEnvironment.swift */ = {isa = PBXFileReference; lastKnownFileType = sourcecode.swift; path = DwordleEnvironment.swift; sourceTree = "<group>"; };
		91B0D8D127CDB98C00EEA352 /* DwordleCellView.swift */ = {isa = PBXFileReference; lastKnownFileType = sourcecode.swift; path = DwordleCellView.swift; sourceTree = "<group>"; };
		91B0D8D427CDBD9900EEA352 /* Color+Extension.swift */ = {isa = PBXFileReference; lastKnownFileType = sourcecode.swift; path = "Color+Extension.swift"; sourceTree = "<group>"; };
		91B0D8D627CDBF9500EEA352 /* DwordleGridView.swift */ = {isa = PBXFileReference; lastKnownFileType = sourcecode.swift; path = DwordleGridView.swift; sourceTree = "<group>"; };
		91B0D8D827CDC52F00EEA352 /* Shape+Extension.swift */ = {isa = PBXFileReference; lastKnownFileType = sourcecode.swift; path = "Shape+Extension.swift"; sourceTree = "<group>"; };
		91B0D8DA27CDD53300EEA352 /* Array+Extension.swift */ = {isa = PBXFileReference; lastKnownFileType = sourcecode.swift; path = "Array+Extension.swift"; sourceTree = "<group>"; };
		91B0D8DC27CDD57D00EEA352 /* CellEvaluation.swift */ = {isa = PBXFileReference; lastKnownFileType = sourcecode.swift; path = CellEvaluation.swift; sourceTree = "<group>"; };
		91B0D8DE27CDD59F00EEA352 /* DwordleCell.swift */ = {isa = PBXFileReference; lastKnownFileType = sourcecode.swift; path = DwordleCell.swift; sourceTree = "<group>"; };
		91B0D8E027D054EC00EEA352 /* View+Extension.swift */ = {isa = PBXFileReference; lastKnownFileType = sourcecode.swift; path = "View+Extension.swift"; sourceTree = "<group>"; };
		91B0D8E227D0553200EEA352 /* DwordleKeyboardView.swift */ = {isa = PBXFileReference; lastKnownFileType = sourcecode.swift; path = DwordleKeyboardView.swift; sourceTree = "<group>"; };
		91B0D8E527D0654800EEA352 /* WordProvider.swift */ = {isa = PBXFileReference; lastKnownFileType = sourcecode.swift; path = WordProvider.swift; sourceTree = "<group>"; };
/* End PBXFileReference section */

/* Begin PBXFrameworksBuildPhase section */
		91B0D8A927CB234E00EEA352 /* Frameworks */ = {
			isa = PBXFrameworksBuildPhase;
			buildActionMask = 2147483647;
			files = (
				918B8C8427D46F020095FA6F /* Zip in Frameworks */,
				91B0D8BF27CB239800EEA352 /* ComposableArchitecture in Frameworks */,
			);
			runOnlyForDeploymentPostprocessing = 0;
		};
/* End PBXFrameworksBuildPhase section */

/* Begin PBXGroup section */
		918B8C8727D4732F0095FA6F /* Resources */ = {
			isa = PBXGroup;
			children = (
				918B8C8527D4731A0095FA6F /* 5LetterWords.zip */,
			);
			path = Resources;
			sourceTree = "<group>";
		};
		91B0D8A327CB234E00EEA352 = {
			isa = PBXGroup;
			children = (
				91B0D8AE27CB234E00EEA352 /* dwordle */,
				91B0D8AD27CB234E00EEA352 /* Products */,
			);
			sourceTree = "<group>";
		};
		91B0D8AD27CB234E00EEA352 /* Products */ = {
			isa = PBXGroup;
			children = (
				91B0D8AC27CB234E00EEA352 /* dwordle.app */,
			);
			name = Products;
			sourceTree = "<group>";
		};
		91B0D8AE27CB234E00EEA352 /* dwordle */ = {
			isa = PBXGroup;
			children = (
				918B8C8727D4732F0095FA6F /* Resources */,
				91B0D8E427D064B300EEA352 /* Providers */,
				91B0D8D327CDBD8700EEA352 /* Extensions */,
				91B0D8CC27CB2F1300EEA352 /* Environment */,
				91B0D8C527CB2DD900EEA352 /* Views */,
				91B0D8C227CB241F00EEA352 /* Action */,
				91B0D8C127CB241500EEA352 /* Reducer */,
				91B0D8C027CB23F000EEA352 /* Models */,
				91B0D8AF27CB234E00EEA352 /* dwordleApp.swift */,
				91B0D8B327CB235000EEA352 /* Assets.xcassets */,
				91B0D8B527CB235000EEA352 /* Preview Content */,
			);
			path = dwordle;
			sourceTree = "<group>";
		};
		91B0D8B527CB235000EEA352 /* Preview Content */ = {
			isa = PBXGroup;
			children = (
				91B0D8B627CB235000EEA352 /* Preview Assets.xcassets */,
			);
			path = "Preview Content";
			sourceTree = "<group>";
		};
		91B0D8C027CB23F000EEA352 /* Models */ = {
			isa = PBXGroup;
			children = (
				91B0D8C327CB24CE00EEA352 /* DwordleState.swift */,
				91B0D8DC27CDD57D00EEA352 /* CellEvaluation.swift */,
				91B0D8DE27CDD59F00EEA352 /* DwordleCell.swift */,
			);
			path = Models;
			sourceTree = "<group>";
		};
		91B0D8C127CB241500EEA352 /* Reducer */ = {
			isa = PBXGroup;
			children = (
				91B0D8C827CB2E5F00EEA352 /* DwordleReducer.swift */,
			);
			path = Reducer;
			sourceTree = "<group>";
		};
		91B0D8C227CB241F00EEA352 /* Action */ = {
			isa = PBXGroup;
			children = (
				91B0D8CA27CB2ED300EEA352 /* DwordleAction.swift */,
			);
			path = Action;
			sourceTree = "<group>";
		};
		91B0D8C527CB2DD900EEA352 /* Views */ = {
			isa = PBXGroup;
			children = (
				91B0D8C627CB2E0300EEA352 /* DwordleView.swift */,
				91B0D8D127CDB98C00EEA352 /* DwordleCellView.swift */,
				91B0D8D627CDBF9500EEA352 /* DwordleGridView.swift */,
				91B0D8E227D0553200EEA352 /* DwordleKeyboardView.swift */,
			);
			path = Views;
			sourceTree = "<group>";
		};
		91B0D8CC27CB2F1300EEA352 /* Environment */ = {
			isa = PBXGroup;
			children = (
				91B0D8CD27CB2F2700EEA352 /* DwordleEnvironment.swift */,
			);
			path = Environment;
			sourceTree = "<group>";
		};
		91B0D8D327CDBD8700EEA352 /* Extensions */ = {
			isa = PBXGroup;
			children = (
				91B0D8D427CDBD9900EEA352 /* Color+Extension.swift */,
				91B0D8D827CDC52F00EEA352 /* Shape+Extension.swift */,
				91B0D8DA27CDD53300EEA352 /* Array+Extension.swift */,
				91B0D8E027D054EC00EEA352 /* View+Extension.swift */,
			);
			path = Extensions;
			sourceTree = "<group>";
		};
		91B0D8E427D064B300EEA352 /* Providers */ = {
			isa = PBXGroup;
			children = (
				91B0D8E527D0654800EEA352 /* WordProvider.swift */,
			);
			path = Providers;
			sourceTree = "<group>";
		};
/* End PBXGroup section */

/* Begin PBXNativeTarget section */
		91B0D8AB27CB234E00EEA352 /* dwordle */ = {
			isa = PBXNativeTarget;
			buildConfigurationList = 91B0D8BA27CB235000EEA352 /* Build configuration list for PBXNativeTarget "dwordle" */;
			buildPhases = (
				91B0D8A827CB234E00EEA352 /* Sources */,
				91B0D8A927CB234E00EEA352 /* Frameworks */,
				91B0D8AA27CB234E00EEA352 /* Resources */,
			);
			buildRules = (
			);
			dependencies = (
			);
			name = dwordle;
			packageProductDependencies = (
				91B0D8BE27CB239800EEA352 /* ComposableArchitecture */,
				918B8C8327D46F020095FA6F /* Zip */,
			);
			productName = dwordle;
			productReference = 91B0D8AC27CB234E00EEA352 /* dwordle.app */;
			productType = "com.apple.product-type.application";
		};
/* End PBXNativeTarget section */

/* Begin PBXProject section */
		91B0D8A427CB234E00EEA352 /* Project object */ = {
			isa = PBXProject;
			attributes = {
				BuildIndependentTargetsInParallel = 1;
				LastSwiftUpdateCheck = 1320;
				LastUpgradeCheck = 1320;
				TargetAttributes = {
					91B0D8AB27CB234E00EEA352 = {
						CreatedOnToolsVersion = 13.2.1;
					};
				};
			};
			buildConfigurationList = 91B0D8A727CB234E00EEA352 /* Build configuration list for PBXProject "dwordle" */;
			compatibilityVersion = "Xcode 13.0";
			developmentRegion = en;
			hasScannedForEncodings = 0;
			knownRegions = (
				en,
				Base,
			);
			mainGroup = 91B0D8A327CB234E00EEA352;
			packageReferences = (
				91B0D8BD27CB239800EEA352 /* XCRemoteSwiftPackageReference "swift-composable-architecture" */,
				918B8C8227D46F020095FA6F /* XCRemoteSwiftPackageReference "Zip" */,
			);
			productRefGroup = 91B0D8AD27CB234E00EEA352 /* Products */;
			projectDirPath = "";
			projectRoot = "";
			targets = (
				91B0D8AB27CB234E00EEA352 /* dwordle */,
			);
		};
/* End PBXProject section */

/* Begin PBXResourcesBuildPhase section */
		91B0D8AA27CB234E00EEA352 /* Resources */ = {
			isa = PBXResourcesBuildPhase;
			buildActionMask = 2147483647;
			files = (
				91B0D8B727CB235000EEA352 /* Preview Assets.xcassets in Resources */,
				918B8C8627D4731A0095FA6F /* 5LetterWords.zip in Resources */,
				91B0D8B427CB235000EEA352 /* Assets.xcassets in Resources */,
			);
			runOnlyForDeploymentPostprocessing = 0;
		};
/* End PBXResourcesBuildPhase section */

/* Begin PBXSourcesBuildPhase section */
		91B0D8A827CB234E00EEA352 /* Sources */ = {
			isa = PBXSourcesBuildPhase;
			buildActionMask = 2147483647;
			files = (
				91B0D8DF27CDD59F00EEA352 /* DwordleCell.swift in Sources */,
				91B0D8C427CB24CE00EEA352 /* DwordleState.swift in Sources */,
				91B0D8D527CDBD9900EEA352 /* Color+Extension.swift in Sources */,
				91B0D8D927CDC52F00EEA352 /* Shape+Extension.swift in Sources */,
				91B0D8E627D0654800EEA352 /* WordProvider.swift in Sources */,
				91B0D8DB27CDD53300EEA352 /* Array+Extension.swift in Sources */,
				91B0D8D727CDBF9500EEA352 /* DwordleGridView.swift in Sources */,
				91B0D8C727CB2E0300EEA352 /* DwordleView.swift in Sources */,
				91B0D8CB27CB2ED300EEA352 /* DwordleAction.swift in Sources */,
				91B0D8DD27CDD57D00EEA352 /* CellEvaluation.swift in Sources */,
				91B0D8D227CDB98C00EEA352 /* DwordleCellView.swift in Sources */,
				91B0D8C927CB2E5F00EEA352 /* DwordleReducer.swift in Sources */,
				91B0D8B027CB234E00EEA352 /* dwordleApp.swift in Sources */,
				91B0D8E127D054EC00EEA352 /* View+Extension.swift in Sources */,
				91B0D8CE27CB2F2700EEA352 /* DwordleEnvironment.swift in Sources */,
				91B0D8E327D0553200EEA352 /* DwordleKeyboardView.swift in Sources */,
			);
			runOnlyForDeploymentPostprocessing = 0;
		};
/* End PBXSourcesBuildPhase section */

/* Begin XCBuildConfiguration section */
		91B0D8B827CB235000EEA352 /* Debug */ = {
			isa = XCBuildConfiguration;
			buildSettings = {
				ALWAYS_SEARCH_USER_PATHS = NO;
				CLANG_ANALYZER_NONNULL = YES;
				CLANG_ANALYZER_NUMBER_OBJECT_CONVERSION = YES_AGGRESSIVE;
				CLANG_CXX_LANGUAGE_STANDARD = "gnu++17";
				CLANG_CXX_LIBRARY = "libc++";
				CLANG_ENABLE_MODULES = YES;
				CLANG_ENABLE_OBJC_ARC = YES;
				CLANG_ENABLE_OBJC_WEAK = YES;
				CLANG_WARN_BLOCK_CAPTURE_AUTORELEASING = YES;
				CLANG_WARN_BOOL_CONVERSION = YES;
				CLANG_WARN_COMMA = YES;
				CLANG_WARN_CONSTANT_CONVERSION = YES;
				CLANG_WARN_DEPRECATED_OBJC_IMPLEMENTATIONS = YES;
				CLANG_WARN_DIRECT_OBJC_ISA_USAGE = YES_ERROR;
				CLANG_WARN_DOCUMENTATION_COMMENTS = YES;
				CLANG_WARN_EMPTY_BODY = YES;
				CLANG_WARN_ENUM_CONVERSION = YES;
				CLANG_WARN_INFINITE_RECURSION = YES;
				CLANG_WARN_INT_CONVERSION = YES;
				CLANG_WARN_NON_LITERAL_NULL_CONVERSION = YES;
				CLANG_WARN_OBJC_IMPLICIT_RETAIN_SELF = YES;
				CLANG_WARN_OBJC_LITERAL_CONVERSION = YES;
				CLANG_WARN_OBJC_ROOT_CLASS = YES_ERROR;
				CLANG_WARN_QUOTED_INCLUDE_IN_FRAMEWORK_HEADER = YES;
				CLANG_WARN_RANGE_LOOP_ANALYSIS = YES;
				CLANG_WARN_STRICT_PROTOTYPES = YES;
				CLANG_WARN_SUSPICIOUS_MOVE = YES;
				CLANG_WARN_UNGUARDED_AVAILABILITY = YES_AGGRESSIVE;
				CLANG_WARN_UNREACHABLE_CODE = YES;
				CLANG_WARN__DUPLICATE_METHOD_MATCH = YES;
				COPY_PHASE_STRIP = NO;
				DEBUG_INFORMATION_FORMAT = dwarf;
				ENABLE_STRICT_OBJC_MSGSEND = YES;
				ENABLE_TESTABILITY = YES;
				GCC_C_LANGUAGE_STANDARD = gnu11;
				GCC_DYNAMIC_NO_PIC = NO;
				GCC_NO_COMMON_BLOCKS = YES;
				GCC_OPTIMIZATION_LEVEL = 0;
				GCC_PREPROCESSOR_DEFINITIONS = (
					"DEBUG=1",
					"$(inherited)",
				);
				GCC_WARN_64_TO_32_BIT_CONVERSION = YES;
				GCC_WARN_ABOUT_RETURN_TYPE = YES_ERROR;
				GCC_WARN_UNDECLARED_SELECTOR = YES;
				GCC_WARN_UNINITIALIZED_AUTOS = YES_AGGRESSIVE;
				GCC_WARN_UNUSED_FUNCTION = YES;
				GCC_WARN_UNUSED_VARIABLE = YES;
				IPHONEOS_DEPLOYMENT_TARGET = 15.2;
				MTL_ENABLE_DEBUG_INFO = INCLUDE_SOURCE;
				MTL_FAST_MATH = YES;
				ONLY_ACTIVE_ARCH = YES;
				SDKROOT = iphoneos;
				SWIFT_ACTIVE_COMPILATION_CONDITIONS = DEBUG;
				SWIFT_OPTIMIZATION_LEVEL = "-Onone";
			};
			name = Debug;
		};
		91B0D8B927CB235000EEA352 /* Release */ = {
			isa = XCBuildConfiguration;
			buildSettings = {
				ALWAYS_SEARCH_USER_PATHS = NO;
				CLANG_ANALYZER_NONNULL = YES;
				CLANG_ANALYZER_NUMBER_OBJECT_CONVERSION = YES_AGGRESSIVE;
				CLANG_CXX_LANGUAGE_STANDARD = "gnu++17";
				CLANG_CXX_LIBRARY = "libc++";
				CLANG_ENABLE_MODULES = YES;
				CLANG_ENABLE_OBJC_ARC = YES;
				CLANG_ENABLE_OBJC_WEAK = YES;
				CLANG_WARN_BLOCK_CAPTURE_AUTORELEASING = YES;
				CLANG_WARN_BOOL_CONVERSION = YES;
				CLANG_WARN_COMMA = YES;
				CLANG_WARN_CONSTANT_CONVERSION = YES;
				CLANG_WARN_DEPRECATED_OBJC_IMPLEMENTATIONS = YES;
				CLANG_WARN_DIRECT_OBJC_ISA_USAGE = YES_ERROR;
				CLANG_WARN_DOCUMENTATION_COMMENTS = YES;
				CLANG_WARN_EMPTY_BODY = YES;
				CLANG_WARN_ENUM_CONVERSION = YES;
				CLANG_WARN_INFINITE_RECURSION = YES;
				CLANG_WARN_INT_CONVERSION = YES;
				CLANG_WARN_NON_LITERAL_NULL_CONVERSION = YES;
				CLANG_WARN_OBJC_IMPLICIT_RETAIN_SELF = YES;
				CLANG_WARN_OBJC_LITERAL_CONVERSION = YES;
				CLANG_WARN_OBJC_ROOT_CLASS = YES_ERROR;
				CLANG_WARN_QUOTED_INCLUDE_IN_FRAMEWORK_HEADER = YES;
				CLANG_WARN_RANGE_LOOP_ANALYSIS = YES;
				CLANG_WARN_STRICT_PROTOTYPES = YES;
				CLANG_WARN_SUSPICIOUS_MOVE = YES;
				CLANG_WARN_UNGUARDED_AVAILABILITY = YES_AGGRESSIVE;
				CLANG_WARN_UNREACHABLE_CODE = YES;
				CLANG_WARN__DUPLICATE_METHOD_MATCH = YES;
				COPY_PHASE_STRIP = NO;
				DEBUG_INFORMATION_FORMAT = "dwarf-with-dsym";
				ENABLE_NS_ASSERTIONS = NO;
				ENABLE_STRICT_OBJC_MSGSEND = YES;
				GCC_C_LANGUAGE_STANDARD = gnu11;
				GCC_NO_COMMON_BLOCKS = YES;
				GCC_WARN_64_TO_32_BIT_CONVERSION = YES;
				GCC_WARN_ABOUT_RETURN_TYPE = YES_ERROR;
				GCC_WARN_UNDECLARED_SELECTOR = YES;
				GCC_WARN_UNINITIALIZED_AUTOS = YES_AGGRESSIVE;
				GCC_WARN_UNUSED_FUNCTION = YES;
				GCC_WARN_UNUSED_VARIABLE = YES;
				IPHONEOS_DEPLOYMENT_TARGET = 15.2;
				MTL_ENABLE_DEBUG_INFO = NO;
				MTL_FAST_MATH = YES;
				SDKROOT = iphoneos;
				SWIFT_COMPILATION_MODE = wholemodule;
				SWIFT_OPTIMIZATION_LEVEL = "-O";
				VALIDATE_PRODUCT = YES;
			};
			name = Release;
		};
		91B0D8BB27CB235000EEA352 /* Debug */ = {
			isa = XCBuildConfiguration;
			buildSettings = {
				ASSETCATALOG_COMPILER_APPICON_NAME = AppIcon;
				ASSETCATALOG_COMPILER_GLOBAL_ACCENT_COLOR_NAME = AccentColor;
				CODE_SIGN_STYLE = Automatic;
				CURRENT_PROJECT_VERSION = 1;
				DEVELOPMENT_ASSET_PATHS = "\"dwordle/Preview Content\"";
				DEVELOPMENT_TEAM = 9527LC56YN;
				ENABLE_PREVIEWS = YES;
				GENERATE_INFOPLIST_FILE = YES;
				INFOPLIST_KEY_UIApplicationSceneManifest_Generation = YES;
				INFOPLIST_KEY_UIApplicationSupportsIndirectInputEvents = YES;
				INFOPLIST_KEY_UILaunchScreen_Generation = YES;
				INFOPLIST_KEY_UISupportedInterfaceOrientations_iPad = "UIInterfaceOrientationPortrait UIInterfaceOrientationPortraitUpsideDown UIInterfaceOrientationLandscapeLeft UIInterfaceOrientationLandscapeRight";
				INFOPLIST_KEY_UISupportedInterfaceOrientations_iPhone = "UIInterfaceOrientationPortrait UIInterfaceOrientationLandscapeLeft UIInterfaceOrientationLandscapeRight";
				LD_RUNPATH_SEARCH_PATHS = (
					"$(inherited)",
					"@executable_path/Frameworks",
				);
				MARKETING_VERSION = 1.0;
				PRODUCT_BUNDLE_IDENTIFIER = com.RobisonSoftwareDevelopment.dwordle;
				PRODUCT_NAME = "$(TARGET_NAME)";
				SWIFT_EMIT_LOC_STRINGS = YES;
				SWIFT_VERSION = 5.0;
				TARGETED_DEVICE_FAMILY = "1,2";
			};
			name = Debug;
		};
		91B0D8BC27CB235000EEA352 /* Release */ = {
			isa = XCBuildConfiguration;
			buildSettings = {
				ASSETCATALOG_COMPILER_APPICON_NAME = AppIcon;
				ASSETCATALOG_COMPILER_GLOBAL_ACCENT_COLOR_NAME = AccentColor;
				CODE_SIGN_STYLE = Automatic;
				CURRENT_PROJECT_VERSION = 1;
				DEVELOPMENT_ASSET_PATHS = "\"dwordle/Preview Content\"";
				DEVELOPMENT_TEAM = 9527LC56YN;
				ENABLE_PREVIEWS = YES;
				GENERATE_INFOPLIST_FILE = YES;
				INFOPLIST_KEY_UIApplicationSceneManifest_Generation = YES;
				INFOPLIST_KEY_UIApplicationSupportsIndirectInputEvents = YES;
				INFOPLIST_KEY_UILaunchScreen_Generation = YES;
				INFOPLIST_KEY_UISupportedInterfaceOrientations_iPad = "UIInterfaceOrientationPortrait UIInterfaceOrientationPortraitUpsideDown UIInterfaceOrientationLandscapeLeft UIInterfaceOrientationLandscapeRight";
				INFOPLIST_KEY_UISupportedInterfaceOrientations_iPhone = "UIInterfaceOrientationPortrait UIInterfaceOrientationLandscapeLeft UIInterfaceOrientationLandscapeRight";
				LD_RUNPATH_SEARCH_PATHS = (
					"$(inherited)",
					"@executable_path/Frameworks",
				);
				MARKETING_VERSION = 1.0;
				PRODUCT_BUNDLE_IDENTIFIER = com.RobisonSoftwareDevelopment.dwordle;
				PRODUCT_NAME = "$(TARGET_NAME)";
				SWIFT_EMIT_LOC_STRINGS = YES;
				SWIFT_VERSION = 5.0;
				TARGETED_DEVICE_FAMILY = "1,2";
			};
			name = Release;
		};
/* End XCBuildConfiguration section */

/* Begin XCConfigurationList section */
		91B0D8A727CB234E00EEA352 /* Build configuration list for PBXProject "dwordle" */ = {
			isa = XCConfigurationList;
			buildConfigurations = (
				91B0D8B827CB235000EEA352 /* Debug */,
				91B0D8B927CB235000EEA352 /* Release */,
			);
			defaultConfigurationIsVisible = 0;
			defaultConfigurationName = Release;
		};
		91B0D8BA27CB235000EEA352 /* Build configuration list for PBXNativeTarget "dwordle" */ = {
			isa = XCConfigurationList;
			buildConfigurations = (
				91B0D8BB27CB235000EEA352 /* Debug */,
				91B0D8BC27CB235000EEA352 /* Release */,
			);
			defaultConfigurationIsVisible = 0;
			defaultConfigurationName = Release;
		};
/* End XCConfigurationList section */

/* Begin XCRemoteSwiftPackageReference section */
		918B8C8227D46F020095FA6F /* XCRemoteSwiftPackageReference "Zip" */ = {
			isa = XCRemoteSwiftPackageReference;
			repositoryURL = "https://github.com/marmelroy/Zip";
			requirement = {
				branch = master;
				kind = branch;
			};
		};
		91B0D8BD27CB239800EEA352 /* XCRemoteSwiftPackageReference "swift-composable-architecture" */ = {
			isa = XCRemoteSwiftPackageReference;
			repositoryURL = "https://github.com/pointfreeco/swift-composable-architecture.git";
			requirement = {
				branch = main;
				kind = branch;
			};
		};
/* End XCRemoteSwiftPackageReference section */

/* Begin XCSwiftPackageProductDependency section */
		918B8C8327D46F020095FA6F /* Zip */ = {
			isa = XCSwiftPackageProductDependency;
			package = 918B8C8227D46F020095FA6F /* XCRemoteSwiftPackageReference "Zip" */;
			productName = Zip;
		};
		91B0D8BE27CB239800EEA352 /* ComposableArchitecture */ = {
			isa = XCSwiftPackageProductDependency;
			package = 91B0D8BD27CB239800EEA352 /* XCRemoteSwiftPackageReference "swift-composable-architecture" */;
			productName = ComposableArchitecture;
		};
/* End XCSwiftPackageProductDependency section */
	};
	rootObject = 91B0D8A427CB234E00EEA352 /* Project object */;
}
